
Microsoft Visual Studio Solution File, Format Version 12.00
# Visual Studio Version 16
VisualStudioVersion = 16.0.30011.22
MinimumVisualStudioVersion = 10.0.40219.1
Project("{FAE04EC0-301F-11D3-BF4B-00C04F79EFBC}") = "BlazorTodoApp.Server", "Server\BlazorTodoApp.Server.csproj", "{DD887A24-97DD-4B96-A546-2B7F7AFD95E2}"
EndProject
Project("{FAE04EC0-301F-11D3-BF4B-00C04F79EFBC}") = "BlazorTodoApp.Client", "Client\BlazorTodoApp.Client.csproj", "{0D60D494-14B6-4468-829C-45A774ECEE55}"
EndProject
Project("{FAE04EC0-301F-11D3-BF4B-00C04F79EFBC}") = "BlazorTodoApp.Shared", "Shared\BlazorTodoApp.Shared.csproj", "{A41BECB2-8E59-4793-AFDD-718F35D93C19}"
EndProject
Global
	GlobalSection(SolutionConfigurationPlatforms) = preSolution
		Debug|Any CPU = Debug|Any CPU
		Release|Any CPU = Release|Any CPU
	EndGlobalSection
	GlobalSection(ProjectConfigurationPlatforms) = postSolution
		{DD887A24-97DD-4B96-A546-2B7F7AFD95E2}.Debug|Any CPU.ActiveCfg = Debug|Any CPU
		{DD887A24-97DD-4B96-A546-2B7F7AFD95E2}.Debug|Any CPU.Build.0 = Debug|Any CPU
		{DD887A24-97DD-4B96-A546-2B7F7AFD95E2}.Release|Any CPU.ActiveCfg = Release|Any CPU
		{DD887A24-97DD-4B96-A546-2B7F7AFD95E2}.Release|Any CPU.Build.0 = Release|Any CPU
		{0D60D494-14B6-4468-829C-45A774ECEE55}.Debug|Any CPU.ActiveCfg = Debug|Any CPU
		{0D60D494-14B6-4468-829C-45A774ECEE55}.Debug|Any CPU.Build.0 = Debug|Any CPU
		{0D60D494-14B6-4468-829C-45A774ECEE55}.Release|Any CPU.ActiveCfg = Release|Any CPU
		{0D60D494-14B6-4468-829C-45A774ECEE55}.Release|Any CPU.Build.0 = Release|Any CPU
		{A41BECB2-8E59-4793-AFDD-718F35D93C19}.Debug|Any CPU.ActiveCfg = Debug|Any CPU
		{A41BECB2-8E59-4793-AFDD-718F35D93C19}.Debug|Any CPU.Build.0 = Debug|Any CPU
		{A41BECB2-8E59-4793-AFDD-718F35D93C19}.Release|Any CPU.ActiveCfg = Release|Any CPU
		{A41BECB2-8E59-4793-AFDD-718F35D93C19}.Release|Any CPU.Build.0 = Release|Any CPU
	EndGlobalSection
	GlobalSection(SolutionProperties) = preSolution
		HideSolutionNode = FALSE
	EndGlobalSection
	GlobalSection(ExtensibilityGlobals) = postSolution
		SolutionGuid = {01174168-CFFB-4E26-B591-BAFF8410AFC9}
	EndGlobalSection
EndGlobal
